
Microsoft Visual Studio Solution File, Format Version 12.00
# Visual Studio 2012
Project("{FAE04EC0-301F-11D3-BF4B-00C04F79EFBC}") = "PXZ", "PXZ\PXZ.csproj", "{B72853EA-9D34-44DD-B804-2DAA07DC49A6}"
EndProject
Global
	GlobalSection(SolutionConfigurationPlatforms) = preSolution
		Debug|Any CPU = Debug|Any CPU
		Release|Any CPU = Release|Any CPU
	EndGlobalSection
	GlobalSection(ProjectConfigurationPlatforms) = postSolution
		{B72853EA-9D34-44DD-B804-2DAA07DC49A6}.Debug|Any CPU.ActiveCfg = Debug|Any CPU
		{B72853EA-9D34-44DD-B804-2DAA07DC49A6}.Debug|Any CPU.Build.0 = Debug|Any CPU
		{B72853EA-9D34-44DD-B804-2DAA07DC49A6}.Release|Any CPU.ActiveCfg = Release|Any CPU
		{B72853EA-9D34-44DD-B804-2DAA07DC49A6}.Release|Any CPU.Build.0 = Release|Any CPU
	EndGlobalSection
	GlobalSection(SolutionProperties) = preSolution
		HideSolutionNode = FALSE
	EndGlobalSection
EndGlobal
